// !$*UTF8*$!
{
	archiveVersion = 1;
	classes = {
	};
	objectVersion = 50;
	objects = {

/* Begin PBXBuildFile section */
		355851E120D8237100E74339 /* AppDelegate.swift in Sources */ = {isa = PBXBuildFile; fileRef = 355851E020D8237100E74339 /* AppDelegate.swift */; };
		355851E320D8237100E74339 /* ViewController.swift in Sources */ = {isa = PBXBuildFile; fileRef = 355851E220D8237100E74339 /* ViewController.swift */; };
		355851E620D8237100E74339 /* Main.storyboard in Resources */ = {isa = PBXBuildFile; fileRef = 355851E420D8237100E74339 /* Main.storyboard */; };
		355851E820D8237600E74339 /* Assets.xcassets in Resources */ = {isa = PBXBuildFile; fileRef = 355851E720D8237600E74339 /* Assets.xcassets */; };
		355851EB20D8237600E74339 /* LaunchScreen.storyboard in Resources */ = {isa = PBXBuildFile; fileRef = 355851E920D8237600E74339 /* LaunchScreen.storyboard */; };
		355851F620D8237700E74339 /* CoreTextMagazineTests.swift in Sources */ = {isa = PBXBuildFile; fileRef = 355851F520D8237700E74339 /* CoreTextMagazineTests.swift */; };
		3558520220D823D600E74339 /* CoreText.framework in Frameworks */ = {isa = PBXBuildFile; fileRef = 3558520120D823D600E74339 /* CoreText.framework */; };
		3558520520D8242800E74339 /* CTView.swift in Sources */ = {isa = PBXBuildFile; fileRef = 3558520420D8242800E74339 /* CTView.swift */; };
/* End PBXBuildFile section */

/* Begin PBXContainerItemProxy section */
		355851F220D8237700E74339 /* PBXContainerItemProxy */ = {
			isa = PBXContainerItemProxy;
			containerPortal = 355851D520D8237100E74339 /* Project object */;
			proxyType = 1;
			remoteGlobalIDString = 355851DC20D8237100E74339;
			remoteInfo = CoreTextMagazine;
		};
/* End PBXContainerItemProxy section */

/* Begin PBXFileReference section */
		355851DD20D8237100E74339 /* CoreTextMagazine.app */ = {isa = PBXFileReference; explicitFileType = wrapper.application; includeInIndex = 0; path = CoreTextMagazine.app; sourceTree = BUILT_PRODUCTS_DIR; };
		355851E020D8237100E74339 /* AppDelegate.swift */ = {isa = PBXFileReference; lastKnownFileType = sourcecode.swift; path = AppDelegate.swift; sourceTree = "<group>"; };
		355851E220D8237100E74339 /* ViewController.swift */ = {isa = PBXFileReference; lastKnownFileType = sourcecode.swift; path = ViewController.swift; sourceTree = "<group>"; };
		355851E520D8237100E74339 /* Base */ = {isa = PBXFileReference; lastKnownFileType = file.storyboard; name = Base; path = Base.lproj/Main.storyboard; sourceTree = "<group>"; };
		355851E720D8237600E74339 /* Assets.xcassets */ = {isa = PBXFileReference; lastKnownFileType = folder.assetcatalog; path = Assets.xcassets; sourceTree = "<group>"; };
		355851EA20D8237600E74339 /* Base */ = {isa = PBXFileReference; lastKnownFileType = file.storyboard; name = Base; path = Base.lproj/LaunchScreen.storyboard; sourceTree = "<group>"; };
		355851EC20D8237600E74339 /* Info.plist */ = {isa = PBXFileReference; lastKnownFileType = text.plist.xml; path = Info.plist; sourceTree = "<group>"; };
		355851F120D8237700E74339 /* CoreTextMagazineTests.xctest */ = {isa = PBXFileReference; explicitFileType = wrapper.cfbundle; includeInIndex = 0; path = CoreTextMagazineTests.xctest; sourceTree = BUILT_PRODUCTS_DIR; };
		355851F520D8237700E74339 /* CoreTextMagazineTests.swift */ = {isa = PBXFileReference; lastKnownFileType = sourcecode.swift; path = CoreTextMagazineTests.swift; sourceTree = "<group>"; };
		355851F720D8237700E74339 /* Info.plist */ = {isa = PBXFileReference; lastKnownFileType = text.plist.xml; path = Info.plist; sourceTree = "<group>"; };
		3558520120D823D600E74339 /* CoreText.framework */ = {isa = PBXFileReference; lastKnownFileType = wrapper.framework; name = CoreText.framework; path = System/Library/Frameworks/CoreText.framework; sourceTree = SDKROOT; };
		3558520420D8242800E74339 /* CTView.swift */ = {isa = PBXFileReference; lastKnownFileType = sourcecode.swift; path = CTView.swift; sourceTree = "<group>"; };
/* End PBXFileReference section */

/* Begin PBXFrameworksBuildPhase section */
		355851DA20D8237100E74339 /* Frameworks */ = {
			isa = PBXFrameworksBuildPhase;
			buildActionMask = 2147483647;
			files = (
				3558520220D823D600E74339 /* CoreText.framework in Frameworks */,
			);
			runOnlyForDeploymentPostprocessing = 0;
		};
		355851EE20D8237700E74339 /* Frameworks */ = {
			isa = PBXFrameworksBuildPhase;
			buildActionMask = 2147483647;
			files = (
			);
			runOnlyForDeploymentPostprocessing = 0;
		};
/* End PBXFrameworksBuildPhase section */

/* Begin PBXGroup section */
		355851D420D8237100E74339 = {
			isa = PBXGroup;
			children = (
				3558520320D823ED00E74339 /* Views */,
				355851DF20D8237100E74339 /* CoreTextMagazine */,
				355851F420D8237700E74339 /* CoreTextMagazineTests */,
				355851DE20D8237100E74339 /* Products */,
				3558520020D823D600E74339 /* Frameworks */,
			);
			sourceTree = "<group>";
		};
		355851DE20D8237100E74339 /* Products */ = {
			isa = PBXGroup;
			children = (
				355851DD20D8237100E74339 /* CoreTextMagazine.app */,
				355851F120D8237700E74339 /* CoreTextMagazineTests.xctest */,
			);
			name = Products;
			sourceTree = "<group>";
		};
		355851DF20D8237100E74339 /* CoreTextMagazine */ = {
			isa = PBXGroup;
			children = (
				355851E020D8237100E74339 /* AppDelegate.swift */,
				355851E220D8237100E74339 /* ViewController.swift */,
				355851E420D8237100E74339 /* Main.storyboard */,
				355851E720D8237600E74339 /* Assets.xcassets */,
				355851E920D8237600E74339 /* LaunchScreen.storyboard */,
				355851EC20D8237600E74339 /* Info.plist */,
			);
			path = CoreTextMagazine;
			sourceTree = "<group>";
		};
		355851F420D8237700E74339 /* CoreTextMagazineTests */ = {
			isa = PBXGroup;
			children = (
				355851F520D8237700E74339 /* CoreTextMagazineTests.swift */,
				355851F720D8237700E74339 /* Info.plist */,
			);
			path = CoreTextMagazineTests;
			sourceTree = "<group>";
		};
		3558520020D823D600E74339 /* Frameworks */ = {
			isa = PBXGroup;
			children = (
				3558520120D823D600E74339 /* CoreText.framework */,
			);
			name = Frameworks;
			sourceTree = "<group>";
		};
		3558520320D823ED00E74339 /* Views */ = {
			isa = PBXGroup;
			children = (
				3558520420D8242800E74339 /* CTView.swift */,
			);
			path = Views;
			sourceTree = "<group>";
		};
/* End PBXGroup section */

/* Begin PBXNativeTarget section */
		355851DC20D8237100E74339 /* CoreTextMagazine */ = {
			isa = PBXNativeTarget;
			buildConfigurationList = 355851FA20D8237700E74339 /* Build configuration list for PBXNativeTarget "CoreTextMagazine" */;
			buildPhases = (
				355851D920D8237100E74339 /* Sources */,
				355851DA20D8237100E74339 /* Frameworks */,
				355851DB20D8237100E74339 /* Resources */,
			);
			buildRules = (
			);
			dependencies = (
			);
			name = CoreTextMagazine;
			productName = CoreTextMagazine;
			productReference = 355851DD20D8237100E74339 /* CoreTextMagazine.app */;
			productType = "com.apple.product-type.application";
		};
		355851F020D8237700E74339 /* CoreTextMagazineTests */ = {
			isa = PBXNativeTarget;
			buildConfigurationList = 355851FD20D8237700E74339 /* Build configuration list for PBXNativeTarget "CoreTextMagazineTests" */;
			buildPhases = (
				355851ED20D8237700E74339 /* Sources */,
				355851EE20D8237700E74339 /* Frameworks */,
				355851EF20D8237700E74339 /* Resources */,
			);
			buildRules = (
			);
			dependencies = (
				355851F320D8237700E74339 /* PBXTargetDependency */,
			);
			name = CoreTextMagazineTests;
			productName = CoreTextMagazineTests;
			productReference = 355851F120D8237700E74339 /* CoreTextMagazineTests.xctest */;
			productType = "com.apple.product-type.bundle.unit-test";
		};
/* End PBXNativeTarget section */

/* Begin PBXProject section */
		355851D520D8237100E74339 /* Project object */ = {
			isa = PBXProject;
			attributes = {
				LastSwiftUpdateCheck = 0940;
				LastUpgradeCheck = 0940;
				ORGANIZATIONNAME = "Qingchuan Zhu";
				TargetAttributes = {
					355851DC20D8237100E74339 = {
						CreatedOnToolsVersion = 9.4;
					};
					355851F020D8237700E74339 = {
						CreatedOnToolsVersion = 9.4;
						TestTargetID = 355851DC20D8237100E74339;
					};
				};
			};
			buildConfigurationList = 355851D820D8237100E74339 /* Build configuration list for PBXProject "CoreTextMagazine" */;
			compatibilityVersion = "Xcode 9.3";
			developmentRegion = en;
			hasScannedForEncodings = 0;
			knownRegions = (
				en,
				Base,
			);
			mainGroup = 355851D420D8237100E74339;
			productRefGroup = 355851DE20D8237100E74339 /* Products */;
			projectDirPath = "";
			projectRoot = "";
			targets = (
				355851DC20D8237100E74339 /* CoreTextMagazine */,
				355851F020D8237700E74339 /* CoreTextMagazineTests */,
			);
		};
/* End PBXProject section */

/* Begin PBXResourcesBuildPhase section */
		355851DB20D8237100E74339 /* Resources */ = {
			isa = PBXResourcesBuildPhase;
			buildActionMask = 2147483647;
			files = (
				355851EB20D8237600E74339 /* LaunchScreen.storyboard in Resources */,
				355851E820D8237600E74339 /* Assets.xcassets in Resources */,
				355851E620D8237100E74339 /* Main.storyboard in Resources */,
			);
			runOnlyForDeploymentPostprocessing = 0;
		};
		355851EF20D8237700E74339 /* Resources */ = {
			isa = PBXResourcesBuildPhase;
			buildActionMask = 2147483647;
			files = (
			);
			runOnlyForDeploymentPostprocessing = 0;
		};
/* End PBXResourcesBuildPhase section */

/* Begin PBXSourcesBuildPhase section */
		355851D920D8237100E74339 /* Sources */ = {
			isa = PBXSourcesBuildPhase;
			buildActionMask = 2147483647;
			files = (
				355851E320D8237100E74339 /* ViewController.swift in Sources */,
				3558520520D8242800E74339 /* CTView.swift in Sources */,
				355851E120D8237100E74339 /* AppDelegate.swift in Sources */,
			);
			runOnlyForDeploymentPostprocessing = 0;
		};
		355851ED20D8237700E74339 /* Sources */ = {
			isa = PBXSourcesBuildPhase;
			buildActionMask = 2147483647;
			files = (
				355851F620D8237700E74339 /* CoreTextMagazineTests.swift in Sources */,
			);
			runOnlyForDeploymentPostprocessing = 0;
		};
/* End PBXSourcesBuildPhase section */

/* Begin PBXTargetDependency section */
		355851F320D8237700E74339 /* PBXTargetDependency */ = {
			isa = PBXTargetDependency;
			target = 355851DC20D8237100E74339 /* CoreTextMagazine */;
			targetProxy = 355851F220D8237700E74339 /* PBXContainerItemProxy */;
		};
/* End PBXTargetDependency section */

/* Begin PBXVariantGroup section */
		355851E420D8237100E74339 /* Main.storyboard */ = {
			isa = PBXVariantGroup;
			children = (
				355851E520D8237100E74339 /* Base */,
			);
			name = Main.storyboard;
			sourceTree = "<group>";
		};
		355851E920D8237600E74339 /* LaunchScreen.storyboard */ = {
			isa = PBXVariantGroup;
			children = (
				355851EA20D8237600E74339 /* Base */,
			);
			name = LaunchScreen.storyboard;
			sourceTree = "<group>";
		};
/* End PBXVariantGroup section */

/* Begin XCBuildConfiguration section */
		355851F820D8237700E74339 /* Debug */ = {
			isa = XCBuildConfiguration;
			buildSettings = {
				ALWAYS_SEARCH_USER_PATHS = NO;
				CLANG_ANALYZER_NONNULL = YES;
				CLANG_ANALYZER_NUMBER_OBJECT_CONVERSION = YES_AGGRESSIVE;
				CLANG_CXX_LANGUAGE_STANDARD = "gnu++14";
				CLANG_CXX_LIBRARY = "libc++";
				CLANG_ENABLE_MODULES = YES;
				CLANG_ENABLE_OBJC_ARC = YES;
				CLANG_ENABLE_OBJC_WEAK = YES;
				CLANG_WARN_BLOCK_CAPTURE_AUTORELEASING = YES;
				CLANG_WARN_BOOL_CONVERSION = YES;
				CLANG_WARN_COMMA = YES;
				CLANG_WARN_CONSTANT_CONVERSION = YES;
				CLANG_WARN_DEPRECATED_OBJC_IMPLEMENTATIONS = YES;
				CLANG_WARN_DIRECT_OBJC_ISA_USAGE = YES_ERROR;
				CLANG_WARN_DOCUMENTATION_COMMENTS = YES;
				CLANG_WARN_EMPTY_BODY = YES;
				CLANG_WARN_ENUM_CONVERSION = YES;
				CLANG_WARN_INFINITE_RECURSION = YES;
				CLANG_WARN_INT_CONVERSION = YES;
				CLANG_WARN_NON_LITERAL_NULL_CONVERSION = YES;
				CLANG_WARN_OBJC_IMPLICIT_RETAIN_SELF = YES;
				CLANG_WARN_OBJC_LITERAL_CONVERSION = YES;
				CLANG_WARN_OBJC_ROOT_CLASS = YES_ERROR;
				CLANG_WARN_RANGE_LOOP_ANALYSIS = YES;
				CLANG_WARN_STRICT_PROTOTYPES = YES;
				CLANG_WARN_SUSPICIOUS_MOVE = YES;
				CLANG_WARN_UNGUARDED_AVAILABILITY = YES_AGGRESSIVE;
				CLANG_WARN_UNREACHABLE_CODE = YES;
				CLANG_WARN__DUPLICATE_METHOD_MATCH = YES;
				CODE_SIGN_IDENTITY = "iPhone Developer";
				COPY_PHASE_STRIP = NO;
				DEBUG_INFORMATION_FORMAT = dwarf;
				ENABLE_STRICT_OBJC_MSGSEND = YES;
				ENABLE_TESTABILITY = YES;
				GCC_C_LANGUAGE_STANDARD = gnu11;
				GCC_DYNAMIC_NO_PIC = NO;
				GCC_NO_COMMON_BLOCKS = YES;
				GCC_OPTIMIZATION_LEVEL = 0;
				GCC_PREPROCESSOR_DEFINITIONS = (
					"DEBUG=1",
					"$(inherited)",
				);
				GCC_WARN_64_TO_32_BIT_CONVERSION = YES;
				GCC_WARN_ABOUT_RETURN_TYPE = YES_ERROR;
				GCC_WARN_UNDECLARED_SELECTOR = YES;
				GCC_WARN_UNINITIALIZED_AUTOS = YES_AGGRESSIVE;
				GCC_WARN_UNUSED_FUNCTION = YES;
				GCC_WARN_UNUSED_VARIABLE = YES;
				IPHONEOS_DEPLOYMENT_TARGET = 11.4;
				MTL_ENABLE_DEBUG_INFO = YES;
				ONLY_ACTIVE_ARCH = YES;
				SDKROOT = iphoneos;
				SWIFT_ACTIVE_COMPILATION_CONDITIONS = DEBUG;
				SWIFT_OPTIMIZATION_LEVEL = "-Onone";
			};
			name = Debug;
		};
		355851F920D8237700E74339 /* Release */ = {
			isa = XCBuildConfiguration;
			buildSettings = {
				ALWAYS_SEARCH_USER_PATHS = NO;
				CLANG_ANALYZER_NONNULL = YES;
				CLANG_ANALYZER_NUMBER_OBJECT_CONVERSION = YES_AGGRESSIVE;
				CLANG_CXX_LANGUAGE_STANDARD = "gnu++14";
				CLANG_CXX_LIBRARY = "libc++";
				CLANG_ENABLE_MODULES = YES;
				CLANG_ENABLE_OBJC_ARC = YES;
				CLANG_ENABLE_OBJC_WEAK = YES;
				CLANG_WARN_BLOCK_CAPTURE_AUTORELEASING = YES;
				CLANG_WARN_BOOL_CONVERSION = YES;
				CLANG_WARN_COMMA = YES;
				CLANG_WARN_CONSTANT_CONVERSION = YES;
				CLANG_WARN_DEPRECATED_OBJC_IMPLEMENTATIONS = YES;
				CLANG_WARN_DIRECT_OBJC_ISA_USAGE = YES_ERROR;
				CLANG_WARN_DOCUMENTATION_COMMENTS = YES;
				CLANG_WARN_EMPTY_BODY = YES;
				CLANG_WARN_ENUM_CONVERSION = YES;
				CLANG_WARN_INFINITE_RECURSION = YES;
				CLANG_WARN_INT_CONVERSION = YES;
				CLANG_WARN_NON_LITERAL_NULL_CONVERSION = YES;
				CLANG_WARN_OBJC_IMPLICIT_RETAIN_SELF = YES;
				CLANG_WARN_OBJC_LITERAL_CONVERSION = YES;
				CLANG_WARN_OBJC_ROOT_CLASS = YES_ERROR;
				CLANG_WARN_RANGE_LOOP_ANALYSIS = YES;
				CLANG_WARN_STRICT_PROTOTYPES = YES;
				CLANG_WARN_SUSPICIOUS_MOVE = YES;
				CLANG_WARN_UNGUARDED_AVAILABILITY = YES_AGGRESSIVE;
				CLANG_WARN_UNREACHABLE_CODE = YES;
				CLANG_WARN__DUPLICATE_METHOD_MATCH = YES;
				CODE_SIGN_IDENTITY = "iPhone Developer";
				COPY_PHASE_STRIP = NO;
				DEBUG_INFORMATION_FORMAT = "dwarf-with-dsym";
				ENABLE_NS_ASSERTIONS = NO;
				ENABLE_STRICT_OBJC_MSGSEND = YES;
				GCC_C_LANGUAGE_STANDARD = gnu11;
				GCC_NO_COMMON_BLOCKS = YES;
				GCC_WARN_64_TO_32_BIT_CONVERSION = YES;
				GCC_WARN_ABOUT_RETURN_TYPE = YES_ERROR;
				GCC_WARN_UNDECLARED_SELECTOR = YES;
				GCC_WARN_UNINITIALIZED_AUTOS = YES_AGGRESSIVE;
				GCC_WARN_UNUSED_FUNCTION = YES;
				GCC_WARN_UNUSED_VARIABLE = YES;
				IPHONEOS_DEPLOYMENT_TARGET = 11.4;
				MTL_ENABLE_DEBUG_INFO = NO;
				SDKROOT = iphoneos;
				SWIFT_COMPILATION_MODE = wholemodule;
				SWIFT_OPTIMIZATION_LEVEL = "-O";
				VALIDATE_PRODUCT = YES;
			};
			name = Release;
		};
		355851FB20D8237700E74339 /* Debug */ = {
			isa = XCBuildConfiguration;
			buildSettings = {
				ASSETCATALOG_COMPILER_APPICON_NAME = AppIcon;
				CODE_SIGN_STYLE = Automatic;
				DEVELOPMENT_TEAM = QQ7A795Y74;
				INFOPLIST_FILE = CoreTextMagazine/Info.plist;
				LD_RUNPATH_SEARCH_PATHS = (
					"$(inherited)",
					"@executable_path/Frameworks",
				);
				PRODUCT_BUNDLE_IDENTIFIER = com.qingchuanzhu.CoreTextMagazine;
				PRODUCT_NAME = "$(TARGET_NAME)";
				SWIFT_VERSION = 4.0;
				TARGETED_DEVICE_FAMILY = "1,2";
			};
			name = Debug;
		};
		355851FC20D8237700E74339 /* Release */ = {
			isa = XCBuildConfiguration;
			buildSettings = {
				ASSETCATALOG_COMPILER_APPICON_NAME = AppIcon;
				CODE_SIGN_STYLE = Automatic;
				DEVELOPMENT_TEAM = QQ7A795Y74;
				INFOPLIST_FILE = CoreTextMagazine/Info.plist;
				LD_RUNPATH_SEARCH_PATHS = (
					"$(inherited)",
					"@executable_path/Frameworks",
				);
				PRODUCT_BUNDLE_IDENTIFIER = com.qingchuanzhu.CoreTextMagazine;
				PRODUCT_NAME = "$(TARGET_NAME)";
				SWIFT_VERSION = 4.0;
				TARGETED_DEVICE_FAMILY = "1,2";
			};
			name = Release;
		};
		355851FE20D8237700E74339 /* Debug */ = {
			isa = XCBuildConfiguration;
			buildSettings = {
				ALWAYS_EMBED_SWIFT_STANDARD_LIBRARIES = YES;
				BUNDLE_LOADER = "$(TEST_HOST)";
				CODE_SIGN_STYLE = Automatic;
				DEVELOPMENT_TEAM = QQ7A795Y74;
				INFOPLIST_FILE = CoreTextMagazineTests/Info.plist;
				LD_RUNPATH_SEARCH_PATHS = (
					"$(inherited)",
					"@executable_path/Frameworks",
					"@loader_path/Frameworks",
				);
				PRODUCT_BUNDLE_IDENTIFIER = com.qingchuanzhu.CoreTextMagazineTests;
				PRODUCT_NAME = "$(TARGET_NAME)";
				SWIFT_VERSION = 4.0;
				TARGETED_DEVICE_FAMILY = "1,2";
				TEST_HOST = "$(BUILT_PRODUCTS_DIR)/CoreTextMagazine.app/CoreTextMagazine";
			};
			name = Debug;
		};
		355851FF20D8237700E74339 /* Release */ = {
			isa = XCBuildConfiguration;
			buildSettings = {
				ALWAYS_EMBED_SWIFT_STANDARD_LIBRARIES = YES;
				BUNDLE_LOADER = "$(TEST_HOST)";
				CODE_SIGN_STYLE = Automatic;
				DEVELOPMENT_TEAM = QQ7A795Y74;
				INFOPLIST_FILE = CoreTextMagazineTests/Info.plist;
				LD_RUNPATH_SEARCH_PATHS = (
					"$(inherited)",
					"@executable_path/Frameworks",
					"@loader_path/Frameworks",
				);
				PRODUCT_BUNDLE_IDENTIFIER = com.qingchuanzhu.CoreTextMagazineTests;
				PRODUCT_NAME = "$(TARGET_NAME)";
				SWIFT_VERSION = 4.0;
				TARGETED_DEVICE_FAMILY = "1,2";
				TEST_HOST = "$(BUILT_PRODUCTS_DIR)/CoreTextMagazine.app/CoreTextMagazine";
			};
			name = Release;
		};
/* End XCBuildConfiguration section */

/* Begin XCConfigurationList section */
		355851D820D8237100E74339 /* Build configuration list for PBXProject "CoreTextMagazine" */ = {
			isa = XCConfigurationList;
			buildConfigurations = (
				355851F820D8237700E74339 /* Debug */,
				355851F920D8237700E74339 /* Release */,
			);
			defaultConfigurationIsVisible = 0;
			defaultConfigurationName = Release;
		};
		355851FA20D8237700E74339 /* Build configuration list for PBXNativeTarget "CoreTextMagazine" */ = {
			isa = XCConfigurationList;
			buildConfigurations = (
				355851FB20D8237700E74339 /* Debug */,
				355851FC20D8237700E74339 /* Release */,
			);
			defaultConfigurationIsVisible = 0;
			defaultConfigurationName = Release;
		};
		355851FD20D8237700E74339 /* Build configuration list for PBXNativeTarget "CoreTextMagazineTests" */ = {
			isa = XCConfigurationList;
			buildConfigurations = (
				355851FE20D8237700E74339 /* Debug */,
				355851FF20D8237700E74339 /* Release */,
			);
			defaultConfigurationIsVisible = 0;
			defaultConfigurationName = Release;
		};
/* End XCConfigurationList section */
	};
	rootObject = 355851D520D8237100E74339 /* Project object */;
}
