// !$*UTF8*$!
{
	archiveVersion = 1;
	classes = {
	};
	objectVersion = 50;
	objects = {

/* Begin PBXBuildFile section */
		352AD2E02101A2C600AEAC35 /* AppDelegate.swift in Sources */ = {isa = PBXBuildFile; fileRef = 352AD2DF2101A2C600AEAC35 /* AppDelegate.swift */; };
		352AD2E22101A2C600AEAC35 /* ViewController.swift in Sources */ = {isa = PBXBuildFile; fileRef = 352AD2E12101A2C600AEAC35 /* ViewController.swift */; };
		352AD2E52101A2C600AEAC35 /* Main.storyboard in Resources */ = {isa = PBXBuildFile; fileRef = 352AD2E32101A2C600AEAC35 /* Main.storyboard */; };
		352AD2E72101A2D100AEAC35 /* Assets.xcassets in Resources */ = {isa = PBXBuildFile; fileRef = 352AD2E62101A2D100AEAC35 /* Assets.xcassets */; };
		352AD2EA2101A2D100AEAC35 /* LaunchScreen.storyboard in Resources */ = {isa = PBXBuildFile; fileRef = 352AD2E82101A2D100AEAC35 /* LaunchScreen.storyboard */; };
/* End PBXBuildFile section */

/* Begin PBXFileReference section */
		352AD2DC2101A2C600AEAC35 /* AnchorPointTest.app */ = {isa = PBXFileReference; explicitFileType = wrapper.application; includeInIndex = 0; path = AnchorPointTest.app; sourceTree = BUILT_PRODUCTS_DIR; };
		352AD2DF2101A2C600AEAC35 /* AppDelegate.swift */ = {isa = PBXFileReference; lastKnownFileType = sourcecode.swift; path = AppDelegate.swift; sourceTree = "<group>"; };
		352AD2E12101A2C600AEAC35 /* ViewController.swift */ = {isa = PBXFileReference; lastKnownFileType = sourcecode.swift; path = ViewController.swift; sourceTree = "<group>"; };
		352AD2E42101A2C600AEAC35 /* Base */ = {isa = PBXFileReference; lastKnownFileType = file.storyboard; name = Base; path = Base.lproj/Main.storyboard; sourceTree = "<group>"; };
		352AD2E62101A2D100AEAC35 /* Assets.xcassets */ = {isa = PBXFileReference; lastKnownFileType = folder.assetcatalog; path = Assets.xcassets; sourceTree = "<group>"; };
		352AD2E92101A2D100AEAC35 /* Base */ = {isa = PBXFileReference; lastKnownFileType = file.storyboard; name = Base; path = Base.lproj/LaunchScreen.storyboard; sourceTree = "<group>"; };
		352AD2EB2101A2D100AEAC35 /* Info.plist */ = {isa = PBXFileReference; lastKnownFileType = text.plist.xml; path = Info.plist; sourceTree = "<group>"; };
/* End PBXFileReference section */

/* Begin PBXFrameworksBuildPhase section */
		352AD2D92101A2C600AEAC35 /* Frameworks */ = {
			isa = PBXFrameworksBuildPhase;
			buildActionMask = 2147483647;
			files = (
			);
			runOnlyForDeploymentPostprocessing = 0;
		};
/* End PBXFrameworksBuildPhase section */

/* Begin PBXGroup section */
		352AD2D32101A2C600AEAC35 = {
			isa = PBXGroup;
			children = (
				352AD2DE2101A2C600AEAC35 /* AnchorPointTest */,
				352AD2DD2101A2C600AEAC35 /* Products */,
			);
			sourceTree = "<group>";
		};
		352AD2DD2101A2C600AEAC35 /* Products */ = {
			isa = PBXGroup;
			children = (
				352AD2DC2101A2C600AEAC35 /* AnchorPointTest.app */,
			);
			name = Products;
			sourceTree = "<group>";
		};
		352AD2DE2101A2C600AEAC35 /* AnchorPointTest */ = {
			isa = PBXGroup;
			children = (
				352AD2DF2101A2C600AEAC35 /* AppDelegate.swift */,
				352AD2E12101A2C600AEAC35 /* ViewController.swift */,
				352AD2E32101A2C600AEAC35 /* Main.storyboard */,
				352AD2E62101A2D100AEAC35 /* Assets.xcassets */,
				352AD2E82101A2D100AEAC35 /* LaunchScreen.storyboard */,
				352AD2EB2101A2D100AEAC35 /* Info.plist */,
			);
			path = AnchorPointTest;
			sourceTree = "<group>";
		};
/* End PBXGroup section */

/* Begin PBXNativeTarget section */
		352AD2DB2101A2C600AEAC35 /* AnchorPointTest */ = {
			isa = PBXNativeTarget;
			buildConfigurationList = 352AD2EE2101A2D100AEAC35 /* Build configuration list for PBXNativeTarget "AnchorPointTest" */;
			buildPhases = (
				352AD2D82101A2C600AEAC35 /* Sources */,
				352AD2D92101A2C600AEAC35 /* Frameworks */,
				352AD2DA2101A2C600AEAC35 /* Resources */,
			);
			buildRules = (
			);
			dependencies = (
			);
			name = AnchorPointTest;
			productName = AnchorPointTest;
			productReference = 352AD2DC2101A2C600AEAC35 /* AnchorPointTest.app */;
			productType = "com.apple.product-type.application";
		};
/* End PBXNativeTarget section */

/* Begin PBXProject section */
		352AD2D42101A2C600AEAC35 /* Project object */ = {
			isa = PBXProject;
			attributes = {
				LastSwiftUpdateCheck = 0940;
				LastUpgradeCheck = 0940;
				ORGANIZATIONNAME = "Qingchuan Zhu";
				TargetAttributes = {
					352AD2DB2101A2C600AEAC35 = {
						CreatedOnToolsVersion = 9.4.1;
					};
				};
			};
			buildConfigurationList = 352AD2D72101A2C600AEAC35 /* Build configuration list for PBXProject "AnchorPointTest" */;
			compatibilityVersion = "Xcode 9.3";
			developmentRegion = en;
			hasScannedForEncodings = 0;
			knownRegions = (
				en,
				Base,
			);
			mainGroup = 352AD2D32101A2C600AEAC35;
			productRefGroup = 352AD2DD2101A2C600AEAC35 /* Products */;
			projectDirPath = "";
			projectRoot = "";
			targets = (
				352AD2DB2101A2C600AEAC35 /* AnchorPointTest */,
			);
		};
/* End PBXProject section */

/* Begin PBXResourcesBuildPhase section */
		352AD2DA2101A2C600AEAC35 /* Resources */ = {
			isa = PBXResourcesBuildPhase;
			buildActionMask = 2147483647;
			files = (
				352AD2EA2101A2D100AEAC35 /* LaunchScreen.storyboard in Resources */,
				352AD2E72101A2D100AEAC35 /* Assets.xcassets in Resources */,
				352AD2E52101A2C600AEAC35 /* Main.storyboard in Resources */,
			);
			runOnlyForDeploymentPostprocessing = 0;
		};
/* End PBXResourcesBuildPhase section */

/* Begin PBXSourcesBuildPhase section */
		352AD2D82101A2C600AEAC35 /* Sources */ = {
			isa = PBXSourcesBuildPhase;
			buildActionMask = 2147483647;
			files = (
				352AD2E22101A2C600AEAC35 /* ViewController.swift in Sources */,
				352AD2E02101A2C600AEAC35 /* AppDelegate.swift in Sources */,
			);
			runOnlyForDeploymentPostprocessing = 0;
		};
/* End PBXSourcesBuildPhase section */

/* Begin PBXVariantGroup section */
		352AD2E32101A2C600AEAC35 /* Main.storyboard */ = {
			isa = PBXVariantGroup;
			children = (
				352AD2E42101A2C600AEAC35 /* Base */,
			);
			name = Main.storyboard;
			sourceTree = "<group>";
		};
		352AD2E82101A2D100AEAC35 /* LaunchScreen.storyboard */ = {
			isa = PBXVariantGroup;
			children = (
				352AD2E92101A2D100AEAC35 /* Base */,
			);
			name = LaunchScreen.storyboard;
			sourceTree = "<group>";
		};
/* End PBXVariantGroup section */

/* Begin XCBuildConfiguration section */
		352AD2EC2101A2D100AEAC35 /* Debug */ = {
			isa = XCBuildConfiguration;
			buildSettings = {
				ALWAYS_SEARCH_USER_PATHS = NO;
				CLANG_ANALYZER_NONNULL = YES;
				CLANG_ANALYZER_NUMBER_OBJECT_CONVERSION = YES_AGGRESSIVE;
				CLANG_CXX_LANGUAGE_STANDARD = "gnu++14";
				CLANG_CXX_LIBRARY = "libc++";
				CLANG_ENABLE_MODULES = YES;
				CLANG_ENABLE_OBJC_ARC = YES;
				CLANG_ENABLE_OBJC_WEAK = YES;
				CLANG_WARN_BLOCK_CAPTURE_AUTORELEASING = YES;
				CLANG_WARN_BOOL_CONVERSION = YES;
				CLANG_WARN_COMMA = YES;
				CLANG_WARN_CONSTANT_CONVERSION = YES;
				CLANG_WARN_DEPRECATED_OBJC_IMPLEMENTATIONS = YES;
				CLANG_WARN_DIRECT_OBJC_ISA_USAGE = YES_ERROR;
				CLANG_WARN_DOCUMENTATION_COMMENTS = YES;
				CLANG_WARN_EMPTY_BODY = YES;
				CLANG_WARN_ENUM_CONVERSION = YES;
				CLANG_WARN_INFINITE_RECURSION = YES;
				CLANG_WARN_INT_CONVERSION = YES;
				CLANG_WARN_NON_LITERAL_NULL_CONVERSION = YES;
				CLANG_WARN_OBJC_IMPLICIT_RETAIN_SELF = YES;
				CLANG_WARN_OBJC_LITERAL_CONVERSION = YES;
				CLANG_WARN_OBJC_ROOT_CLASS = YES_ERROR;
				CLANG_WARN_RANGE_LOOP_ANALYSIS = YES;
				CLANG_WARN_STRICT_PROTOTYPES = YES;
				CLANG_WARN_SUSPICIOUS_MOVE = YES;
				CLANG_WARN_UNGUARDED_AVAILABILITY = YES_AGGRESSIVE;
				CLANG_WARN_UNREACHABLE_CODE = YES;
				CLANG_WARN__DUPLICATE_METHOD_MATCH = YES;
				CODE_SIGN_IDENTITY = "iPhone Developer";
				COPY_PHASE_STRIP = NO;
				DEBUG_INFORMATION_FORMAT = dwarf;
				ENABLE_STRICT_OBJC_MSGSEND = YES;
				ENABLE_TESTABILITY = YES;
				GCC_C_LANGUAGE_STANDARD = gnu11;
				GCC_DYNAMIC_NO_PIC = NO;
				GCC_NO_COMMON_BLOCKS = YES;
				GCC_OPTIMIZATION_LEVEL = 0;
				GCC_PREPROCESSOR_DEFINITIONS = (
					"DEBUG=1",
					"$(inherited)",
				);
				GCC_WARN_64_TO_32_BIT_CONVERSION = YES;
				GCC_WARN_ABOUT_RETURN_TYPE = YES_ERROR;
				GCC_WARN_UNDECLARED_SELECTOR = YES;
				GCC_WARN_UNINITIALIZED_AUTOS = YES_AGGRESSIVE;
				GCC_WARN_UNUSED_FUNCTION = YES;
				GCC_WARN_UNUSED_VARIABLE = YES;
				IPHONEOS_DEPLOYMENT_TARGET = 11.4;
				MTL_ENABLE_DEBUG_INFO = YES;
				ONLY_ACTIVE_ARCH = YES;
				SDKROOT = iphoneos;
				SWIFT_ACTIVE_COMPILATION_CONDITIONS = DEBUG;
				SWIFT_OPTIMIZATION_LEVEL = "-Onone";
			};
			name = Debug;
		};
		352AD2ED2101A2D100AEAC35 /* Release */ = {
			isa = XCBuildConfiguration;
			buildSettings = {
				ALWAYS_SEARCH_USER_PATHS = NO;
				CLANG_ANALYZER_NONNULL = YES;
				CLANG_ANALYZER_NUMBER_OBJECT_CONVERSION = YES_AGGRESSIVE;
				CLANG_CXX_LANGUAGE_STANDARD = "gnu++14";
				CLANG_CXX_LIBRARY = "libc++";
				CLANG_ENABLE_MODULES = YES;
				CLANG_ENABLE_OBJC_ARC = YES;
				CLANG_ENABLE_OBJC_WEAK = YES;
				CLANG_WARN_BLOCK_CAPTURE_AUTORELEASING = YES;
				CLANG_WARN_BOOL_CONVERSION = YES;
				CLANG_WARN_COMMA = YES;
				CLANG_WARN_CONSTANT_CONVERSION = YES;
				CLANG_WARN_DEPRECATED_OBJC_IMPLEMENTATIONS = YES;
				CLANG_WARN_DIRECT_OBJC_ISA_USAGE = YES_ERROR;
				CLANG_WARN_DOCUMENTATION_COMMENTS = YES;
				CLANG_WARN_EMPTY_BODY = YES;
				CLANG_WARN_ENUM_CONVERSION = YES;
				CLANG_WARN_INFINITE_RECURSION = YES;
				CLANG_WARN_INT_CONVERSION = YES;
				CLANG_WARN_NON_LITERAL_NULL_CONVERSION = YES;
				CLANG_WARN_OBJC_IMPLICIT_RETAIN_SELF = YES;
				CLANG_WARN_OBJC_LITERAL_CONVERSION = YES;
				CLANG_WARN_OBJC_ROOT_CLASS = YES_ERROR;
				CLANG_WARN_RANGE_LOOP_ANALYSIS = YES;
				CLANG_WARN_STRICT_PROTOTYPES = YES;
				CLANG_WARN_SUSPICIOUS_MOVE = YES;
				CLANG_WARN_UNGUARDED_AVAILABILITY = YES_AGGRESSIVE;
				CLANG_WARN_UNREACHABLE_CODE = YES;
				CLANG_WARN__DUPLICATE_METHOD_MATCH = YES;
				CODE_SIGN_IDENTITY = "iPhone Developer";
				COPY_PHASE_STRIP = NO;
				DEBUG_INFORMATION_FORMAT = "dwarf-with-dsym";
				ENABLE_NS_ASSERTIONS = NO;
				ENABLE_STRICT_OBJC_MSGSEND = YES;
				GCC_C_LANGUAGE_STANDARD = gnu11;
				GCC_NO_COMMON_BLOCKS = YES;
				GCC_WARN_64_TO_32_BIT_CONVERSION = YES;
				GCC_WARN_ABOUT_RETURN_TYPE = YES_ERROR;
				GCC_WARN_UNDECLARED_SELECTOR = YES;
				GCC_WARN_UNINITIALIZED_AUTOS = YES_AGGRESSIVE;
				GCC_WARN_UNUSED_FUNCTION = YES;
				GCC_WARN_UNUSED_VARIABLE = YES;
				IPHONEOS_DEPLOYMENT_TARGET = 11.4;
				MTL_ENABLE_DEBUG_INFO = NO;
				SDKROOT = iphoneos;
				SWIFT_COMPILATION_MODE = wholemodule;
				SWIFT_OPTIMIZATION_LEVEL = "-O";
				VALIDATE_PRODUCT = YES;
			};
			name = Release;
		};
		352AD2EF2101A2D100AEAC35 /* Debug */ = {
			isa = XCBuildConfiguration;
			buildSettings = {
				ASSETCATALOG_COMPILER_APPICON_NAME = AppIcon;
				CODE_SIGN_STYLE = Automatic;
				DEVELOPMENT_TEAM = QQ7A795Y74;
				INFOPLIST_FILE = AnchorPointTest/Info.plist;
				LD_RUNPATH_SEARCH_PATHS = (
					"$(inherited)",
					"@executable_path/Frameworks",
				);
				PRODUCT_BUNDLE_IDENTIFIER = com.qingchuanzhu.AnchorPointTest;
				PRODUCT_NAME = "$(TARGET_NAME)";
				SWIFT_VERSION = 4.0;
				TARGETED_DEVICE_FAMILY = "1,2";
			};
			name = Debug;
		};
		352AD2F02101A2D100AEAC35 /* Release */ = {
			isa = XCBuildConfiguration;
			buildSettings = {
				ASSETCATALOG_COMPILER_APPICON_NAME = AppIcon;
				CODE_SIGN_STYLE = Automatic;
				DEVELOPMENT_TEAM = QQ7A795Y74;
				INFOPLIST_FILE = AnchorPointTest/Info.plist;
				LD_RUNPATH_SEARCH_PATHS = (
					"$(inherited)",
					"@executable_path/Frameworks",
				);
				PRODUCT_BUNDLE_IDENTIFIER = com.qingchuanzhu.AnchorPointTest;
				PRODUCT_NAME = "$(TARGET_NAME)";
				SWIFT_VERSION = 4.0;
				TARGETED_DEVICE_FAMILY = "1,2";
			};
			name = Release;
		};
/* End XCBuildConfiguration section */

/* Begin XCConfigurationList section */
		352AD2D72101A2C600AEAC35 /* Build configuration list for PBXProject "AnchorPointTest" */ = {
			isa = XCConfigurationList;
			buildConfigurations = (
				352AD2EC2101A2D100AEAC35 /* Debug */,
				352AD2ED2101A2D100AEAC35 /* Release */,
			);
			defaultConfigurationIsVisible = 0;
			defaultConfigurationName = Release;
		};
		352AD2EE2101A2D100AEAC35 /* Build configuration list for PBXNativeTarget "AnchorPointTest" */ = {
			isa = XCConfigurationList;
			buildConfigurations = (
				352AD2EF2101A2D100AEAC35 /* Debug */,
				352AD2F02101A2D100AEAC35 /* Release */,
			);
			defaultConfigurationIsVisible = 0;
			defaultConfigurationName = Release;
		};
/* End XCConfigurationList section */
	};
	rootObject = 352AD2D42101A2C600AEAC35 /* Project object */;
}
