// !$*UTF8*$!
{
	archiveVersion = 1;
	classes = {
	};
	objectVersion = 50;
	objects = {

/* Begin PBXBuildFile section */
		352AD300210A314C00AEAC35 /* AppDelegate.m in Sources */ = {isa = PBXBuildFile; fileRef = 352AD2FF210A314C00AEAC35 /* AppDelegate.m */; };
		352AD306210A314C00AEAC35 /* Main.storyboard in Resources */ = {isa = PBXBuildFile; fileRef = 352AD304210A314C00AEAC35 /* Main.storyboard */; };
		352AD308210A315900AEAC35 /* Assets.xcassets in Resources */ = {isa = PBXBuildFile; fileRef = 352AD307210A315900AEAC35 /* Assets.xcassets */; };
		352AD30B210A315900AEAC35 /* LaunchScreen.storyboard in Resources */ = {isa = PBXBuildFile; fileRef = 352AD309210A315900AEAC35 /* LaunchScreen.storyboard */; };
		352AD30E210A315900AEAC35 /* main.m in Sources */ = {isa = PBXBuildFile; fileRef = 352AD30D210A315900AEAC35 /* main.m */; };
		352AD316210A3B7B00AEAC35 /* FlickrPhototsViewController.m in Sources */ = {isa = PBXBuildFile; fileRef = 352AD315210A3B7B00AEAC35 /* FlickrPhototsViewController.m */; };
		352AD31C210A406300AEAC35 /* Flickr.swift in Sources */ = {isa = PBXBuildFile; fileRef = 352AD319210A406300AEAC35 /* Flickr.swift */; };
		352AD31D210A406300AEAC35 /* FlickrPhoto.swift in Sources */ = {isa = PBXBuildFile; fileRef = 352AD31A210A406300AEAC35 /* FlickrPhoto.swift */; };
		352AD31E210A406300AEAC35 /* FlickrSearchResults.swift in Sources */ = {isa = PBXBuildFile; fileRef = 352AD31B210A406300AEAC35 /* FlickrSearchResults.swift */; };
/* End PBXBuildFile section */

/* Begin PBXFileReference section */
		352AD2FB210A314C00AEAC35 /* CollectionViewPOC.app */ = {isa = PBXFileReference; explicitFileType = wrapper.application; includeInIndex = 0; path = CollectionViewPOC.app; sourceTree = BUILT_PRODUCTS_DIR; };
		352AD2FE210A314C00AEAC35 /* AppDelegate.h */ = {isa = PBXFileReference; lastKnownFileType = sourcecode.c.h; path = AppDelegate.h; sourceTree = "<group>"; };
		352AD2FF210A314C00AEAC35 /* AppDelegate.m */ = {isa = PBXFileReference; lastKnownFileType = sourcecode.c.objc; path = AppDelegate.m; sourceTree = "<group>"; };
		352AD305210A314C00AEAC35 /* Base */ = {isa = PBXFileReference; lastKnownFileType = file.storyboard; name = Base; path = Base.lproj/Main.storyboard; sourceTree = "<group>"; };
		352AD307210A315900AEAC35 /* Assets.xcassets */ = {isa = PBXFileReference; lastKnownFileType = folder.assetcatalog; path = Assets.xcassets; sourceTree = "<group>"; };
		352AD30A210A315900AEAC35 /* Base */ = {isa = PBXFileReference; lastKnownFileType = file.storyboard; name = Base; path = Base.lproj/LaunchScreen.storyboard; sourceTree = "<group>"; };
		352AD30C210A315900AEAC35 /* Info.plist */ = {isa = PBXFileReference; lastKnownFileType = text.plist.xml; path = Info.plist; sourceTree = "<group>"; };
		352AD30D210A315900AEAC35 /* main.m */ = {isa = PBXFileReference; lastKnownFileType = sourcecode.c.objc; path = main.m; sourceTree = "<group>"; };
		352AD314210A3B7B00AEAC35 /* FlickrPhototsViewController.h */ = {isa = PBXFileReference; lastKnownFileType = sourcecode.c.h; path = FlickrPhototsViewController.h; sourceTree = "<group>"; };
		352AD315210A3B7B00AEAC35 /* FlickrPhototsViewController.m */ = {isa = PBXFileReference; lastKnownFileType = sourcecode.c.objc; path = FlickrPhototsViewController.m; sourceTree = "<group>"; };
		352AD318210A406200AEAC35 /* CollectionViewPOC-Bridging-Header.h */ = {isa = PBXFileReference; lastKnownFileType = sourcecode.c.h; path = "CollectionViewPOC-Bridging-Header.h"; sourceTree = "<group>"; };
		352AD319210A406300AEAC35 /* Flickr.swift */ = {isa = PBXFileReference; fileEncoding = 4; lastKnownFileType = sourcecode.swift; path = Flickr.swift; sourceTree = "<group>"; };
		352AD31A210A406300AEAC35 /* FlickrPhoto.swift */ = {isa = PBXFileReference; fileEncoding = 4; lastKnownFileType = sourcecode.swift; path = FlickrPhoto.swift; sourceTree = "<group>"; };
		352AD31B210A406300AEAC35 /* FlickrSearchResults.swift */ = {isa = PBXFileReference; fileEncoding = 4; lastKnownFileType = sourcecode.swift; path = FlickrSearchResults.swift; sourceTree = "<group>"; };
/* End PBXFileReference section */

/* Begin PBXFrameworksBuildPhase section */
		352AD2F8210A314C00AEAC35 /* Frameworks */ = {
			isa = PBXFrameworksBuildPhase;
			buildActionMask = 2147483647;
			files = (
			);
			runOnlyForDeploymentPostprocessing = 0;
		};
/* End PBXFrameworksBuildPhase section */

/* Begin PBXGroup section */
		352AD2F2210A314C00AEAC35 = {
			isa = PBXGroup;
			children = (
				352AD317210A403300AEAC35 /* Flickr */,
				352AD2FD210A314C00AEAC35 /* CollectionViewPOC */,
				352AD2FC210A314C00AEAC35 /* Products */,
			);
			sourceTree = "<group>";
		};
		352AD2FC210A314C00AEAC35 /* Products */ = {
			isa = PBXGroup;
			children = (
				352AD2FB210A314C00AEAC35 /* CollectionViewPOC.app */,
			);
			name = Products;
			sourceTree = "<group>";
		};
		352AD2FD210A314C00AEAC35 /* CollectionViewPOC */ = {
			isa = PBXGroup;
			children = (
				352AD2FE210A314C00AEAC35 /* AppDelegate.h */,
				352AD2FF210A314C00AEAC35 /* AppDelegate.m */,
				352AD314210A3B7B00AEAC35 /* FlickrPhototsViewController.h */,
				352AD315210A3B7B00AEAC35 /* FlickrPhototsViewController.m */,
				352AD304210A314C00AEAC35 /* Main.storyboard */,
				352AD307210A315900AEAC35 /* Assets.xcassets */,
				352AD309210A315900AEAC35 /* LaunchScreen.storyboard */,
				352AD30C210A315900AEAC35 /* Info.plist */,
				352AD30D210A315900AEAC35 /* main.m */,
				352AD318210A406200AEAC35 /* CollectionViewPOC-Bridging-Header.h */,
			);
			path = CollectionViewPOC;
			sourceTree = "<group>";
		};
		352AD317210A403300AEAC35 /* Flickr */ = {
			isa = PBXGroup;
			children = (
				352AD319210A406300AEAC35 /* Flickr.swift */,
				352AD31A210A406300AEAC35 /* FlickrPhoto.swift */,
				352AD31B210A406300AEAC35 /* FlickrSearchResults.swift */,
			);
			path = Flickr;
			sourceTree = "<group>";
		};
/* End PBXGroup section */

/* Begin PBXNativeTarget section */
		352AD2FA210A314C00AEAC35 /* CollectionViewPOC */ = {
			isa = PBXNativeTarget;
			buildConfigurationList = 352AD311210A315900AEAC35 /* Build configuration list for PBXNativeTarget "CollectionViewPOC" */;
			buildPhases = (
				352AD2F7210A314C00AEAC35 /* Sources */,
				352AD2F8210A314C00AEAC35 /* Frameworks */,
				352AD2F9210A314C00AEAC35 /* Resources */,
			);
			buildRules = (
			);
			dependencies = (
			);
			name = CollectionViewPOC;
			productName = CollectionViewPOC;
			productReference = 352AD2FB210A314C00AEAC35 /* CollectionViewPOC.app */;
			productType = "com.apple.product-type.application";
		};
/* End PBXNativeTarget section */

/* Begin PBXProject section */
		352AD2F3210A314C00AEAC35 /* Project object */ = {
			isa = PBXProject;
			attributes = {
				LastUpgradeCheck = 0940;
				ORGANIZATIONNAME = "Qingchuan Zhu";
				TargetAttributes = {
					352AD2FA210A314C00AEAC35 = {
						CreatedOnToolsVersion = 9.4.1;
						LastSwiftMigration = 0940;
					};
				};
			};
			buildConfigurationList = 352AD2F6210A314C00AEAC35 /* Build configuration list for PBXProject "CollectionViewPOC" */;
			compatibilityVersion = "Xcode 9.3";
			developmentRegion = en;
			hasScannedForEncodings = 0;
			knownRegions = (
				en,
				Base,
			);
			mainGroup = 352AD2F2210A314C00AEAC35;
			productRefGroup = 352AD2FC210A314C00AEAC35 /* Products */;
			projectDirPath = "";
			projectRoot = "";
			targets = (
				352AD2FA210A314C00AEAC35 /* CollectionViewPOC */,
			);
		};
/* End PBXProject section */

/* Begin PBXResourcesBuildPhase section */
		352AD2F9210A314C00AEAC35 /* Resources */ = {
			isa = PBXResourcesBuildPhase;
			buildActionMask = 2147483647;
			files = (
				352AD30B210A315900AEAC35 /* LaunchScreen.storyboard in Resources */,
				352AD308210A315900AEAC35 /* Assets.xcassets in Resources */,
				352AD306210A314C00AEAC35 /* Main.storyboard in Resources */,
			);
			runOnlyForDeploymentPostprocessing = 0;
		};
/* End PBXResourcesBuildPhase section */

/* Begin PBXSourcesBuildPhase section */
		352AD2F7210A314C00AEAC35 /* Sources */ = {
			isa = PBXSourcesBuildPhase;
			buildActionMask = 2147483647;
			files = (
				352AD316210A3B7B00AEAC35 /* FlickrPhototsViewController.m in Sources */,
				352AD31E210A406300AEAC35 /* FlickrSearchResults.swift in Sources */,
				352AD30E210A315900AEAC35 /* main.m in Sources */,
				352AD31C210A406300AEAC35 /* Flickr.swift in Sources */,
				352AD31D210A406300AEAC35 /* FlickrPhoto.swift in Sources */,
				352AD300210A314C00AEAC35 /* AppDelegate.m in Sources */,
			);
			runOnlyForDeploymentPostprocessing = 0;
		};
/* End PBXSourcesBuildPhase section */

/* Begin PBXVariantGroup section */
		352AD304210A314C00AEAC35 /* Main.storyboard */ = {
			isa = PBXVariantGroup;
			children = (
				352AD305210A314C00AEAC35 /* Base */,
			);
			name = Main.storyboard;
			sourceTree = "<group>";
		};
		352AD309210A315900AEAC35 /* LaunchScreen.storyboard */ = {
			isa = PBXVariantGroup;
			children = (
				352AD30A210A315900AEAC35 /* Base */,
			);
			name = LaunchScreen.storyboard;
			sourceTree = "<group>";
		};
/* End PBXVariantGroup section */

/* Begin XCBuildConfiguration section */
		352AD30F210A315900AEAC35 /* Debug */ = {
			isa = XCBuildConfiguration;
			buildSettings = {
				ALWAYS_SEARCH_USER_PATHS = NO;
				CLANG_ANALYZER_NONNULL = YES;
				CLANG_ANALYZER_NUMBER_OBJECT_CONVERSION = YES_AGGRESSIVE;
				CLANG_CXX_LANGUAGE_STANDARD = "gnu++14";
				CLANG_CXX_LIBRARY = "libc++";
				CLANG_ENABLE_MODULES = YES;
				CLANG_ENABLE_OBJC_ARC = YES;
				CLANG_ENABLE_OBJC_WEAK = YES;
				CLANG_WARN_BLOCK_CAPTURE_AUTORELEASING = YES;
				CLANG_WARN_BOOL_CONVERSION = YES;
				CLANG_WARN_COMMA = YES;
				CLANG_WARN_CONSTANT_CONVERSION = YES;
				CLANG_WARN_DEPRECATED_OBJC_IMPLEMENTATIONS = YES;
				CLANG_WARN_DIRECT_OBJC_ISA_USAGE = YES_ERROR;
				CLANG_WARN_DOCUMENTATION_COMMENTS = YES;
				CLANG_WARN_EMPTY_BODY = YES;
				CLANG_WARN_ENUM_CONVERSION = YES;
				CLANG_WARN_INFINITE_RECURSION = YES;
				CLANG_WARN_INT_CONVERSION = YES;
				CLANG_WARN_NON_LITERAL_NULL_CONVERSION = YES;
				CLANG_WARN_OBJC_IMPLICIT_RETAIN_SELF = YES;
				CLANG_WARN_OBJC_LITERAL_CONVERSION = YES;
				CLANG_WARN_OBJC_ROOT_CLASS = YES_ERROR;
				CLANG_WARN_RANGE_LOOP_ANALYSIS = YES;
				CLANG_WARN_STRICT_PROTOTYPES = YES;
				CLANG_WARN_SUSPICIOUS_MOVE = YES;
				CLANG_WARN_UNGUARDED_AVAILABILITY = YES_AGGRESSIVE;
				CLANG_WARN_UNREACHABLE_CODE = YES;
				CLANG_WARN__DUPLICATE_METHOD_MATCH = YES;
				CODE_SIGN_IDENTITY = "iPhone Developer";
				COPY_PHASE_STRIP = NO;
				DEBUG_INFORMATION_FORMAT = dwarf;
				ENABLE_STRICT_OBJC_MSGSEND = YES;
				ENABLE_TESTABILITY = YES;
				GCC_C_LANGUAGE_STANDARD = gnu11;
				GCC_DYNAMIC_NO_PIC = NO;
				GCC_NO_COMMON_BLOCKS = YES;
				GCC_OPTIMIZATION_LEVEL = 0;
				GCC_PREPROCESSOR_DEFINITIONS = (
					"DEBUG=1",
					"$(inherited)",
				);
				GCC_WARN_64_TO_32_BIT_CONVERSION = YES;
				GCC_WARN_ABOUT_RETURN_TYPE = YES_ERROR;
				GCC_WARN_UNDECLARED_SELECTOR = YES;
				GCC_WARN_UNINITIALIZED_AUTOS = YES_AGGRESSIVE;
				GCC_WARN_UNUSED_FUNCTION = YES;
				GCC_WARN_UNUSED_VARIABLE = YES;
				IPHONEOS_DEPLOYMENT_TARGET = 11.4;
				MTL_ENABLE_DEBUG_INFO = YES;
				ONLY_ACTIVE_ARCH = YES;
				SDKROOT = iphoneos;
			};
			name = Debug;
		};
		352AD310210A315900AEAC35 /* Release */ = {
			isa = XCBuildConfiguration;
			buildSettings = {
				ALWAYS_SEARCH_USER_PATHS = NO;
				CLANG_ANALYZER_NONNULL = YES;
				CLANG_ANALYZER_NUMBER_OBJECT_CONVERSION = YES_AGGRESSIVE;
				CLANG_CXX_LANGUAGE_STANDARD = "gnu++14";
				CLANG_CXX_LIBRARY = "libc++";
				CLANG_ENABLE_MODULES = YES;
				CLANG_ENABLE_OBJC_ARC = YES;
				CLANG_ENABLE_OBJC_WEAK = YES;
				CLANG_WARN_BLOCK_CAPTURE_AUTORELEASING = YES;
				CLANG_WARN_BOOL_CONVERSION = YES;
				CLANG_WARN_COMMA = YES;
				CLANG_WARN_CONSTANT_CONVERSION = YES;
				CLANG_WARN_DEPRECATED_OBJC_IMPLEMENTATIONS = YES;
				CLANG_WARN_DIRECT_OBJC_ISA_USAGE = YES_ERROR;
				CLANG_WARN_DOCUMENTATION_COMMENTS = YES;
				CLANG_WARN_EMPTY_BODY = YES;
				CLANG_WARN_ENUM_CONVERSION = YES;
				CLANG_WARN_INFINITE_RECURSION = YES;
				CLANG_WARN_INT_CONVERSION = YES;
				CLANG_WARN_NON_LITERAL_NULL_CONVERSION = YES;
				CLANG_WARN_OBJC_IMPLICIT_RETAIN_SELF = YES;
				CLANG_WARN_OBJC_LITERAL_CONVERSION = YES;
				CLANG_WARN_OBJC_ROOT_CLASS = YES_ERROR;
				CLANG_WARN_RANGE_LOOP_ANALYSIS = YES;
				CLANG_WARN_STRICT_PROTOTYPES = YES;
				CLANG_WARN_SUSPICIOUS_MOVE = YES;
				CLANG_WARN_UNGUARDED_AVAILABILITY = YES_AGGRESSIVE;
				CLANG_WARN_UNREACHABLE_CODE = YES;
				CLANG_WARN__DUPLICATE_METHOD_MATCH = YES;
				CODE_SIGN_IDENTITY = "iPhone Developer";
				COPY_PHASE_STRIP = NO;
				DEBUG_INFORMATION_FORMAT = "dwarf-with-dsym";
				ENABLE_NS_ASSERTIONS = NO;
				ENABLE_STRICT_OBJC_MSGSEND = YES;
				GCC_C_LANGUAGE_STANDARD = gnu11;
				GCC_NO_COMMON_BLOCKS = YES;
				GCC_WARN_64_TO_32_BIT_CONVERSION = YES;
				GCC_WARN_ABOUT_RETURN_TYPE = YES_ERROR;
				GCC_WARN_UNDECLARED_SELECTOR = YES;
				GCC_WARN_UNINITIALIZED_AUTOS = YES_AGGRESSIVE;
				GCC_WARN_UNUSED_FUNCTION = YES;
				GCC_WARN_UNUSED_VARIABLE = YES;
				IPHONEOS_DEPLOYMENT_TARGET = 11.4;
				MTL_ENABLE_DEBUG_INFO = NO;
				SDKROOT = iphoneos;
				VALIDATE_PRODUCT = YES;
			};
			name = Release;
		};
		352AD312210A315900AEAC35 /* Debug */ = {
			isa = XCBuildConfiguration;
			buildSettings = {
				ASSETCATALOG_COMPILER_APPICON_NAME = AppIcon;
				CLANG_ENABLE_MODULES = YES;
				CODE_SIGN_STYLE = Automatic;
				DEVELOPMENT_TEAM = QQ7A795Y74;
				INFOPLIST_FILE = CollectionViewPOC/Info.plist;
				IPHONEOS_DEPLOYMENT_TARGET = 10.0;
				LD_RUNPATH_SEARCH_PATHS = (
					"$(inherited)",
					"@executable_path/Frameworks",
				);
				PRODUCT_BUNDLE_IDENTIFIER = com.qingchuanzhu.CollectionViewPOC;
				PRODUCT_NAME = "$(TARGET_NAME)";
				SWIFT_OBJC_BRIDGING_HEADER = "Flickr/CollectionViewPOC-Bridging-Header.h";
				SWIFT_OPTIMIZATION_LEVEL = "-Onone";
				SWIFT_VERSION = 3.0;
				TARGETED_DEVICE_FAMILY = "1,2";
			};
			name = Debug;
		};
		352AD313210A315900AEAC35 /* Release */ = {
			isa = XCBuildConfiguration;
			buildSettings = {
				ASSETCATALOG_COMPILER_APPICON_NAME = AppIcon;
				CLANG_ENABLE_MODULES = YES;
				CODE_SIGN_STYLE = Automatic;
				DEVELOPMENT_TEAM = QQ7A795Y74;
				INFOPLIST_FILE = CollectionViewPOC/Info.plist;
				IPHONEOS_DEPLOYMENT_TARGET = 10.0;
				LD_RUNPATH_SEARCH_PATHS = (
					"$(inherited)",
					"@executable_path/Frameworks",
				);
				PRODUCT_BUNDLE_IDENTIFIER = com.qingchuanzhu.CollectionViewPOC;
				PRODUCT_NAME = "$(TARGET_NAME)";
				SWIFT_OBJC_BRIDGING_HEADER = "Flickr/CollectionViewPOC-Bridging-Header.h";
				SWIFT_VERSION = 3.0;
				TARGETED_DEVICE_FAMILY = "1,2";
			};
			name = Release;
		};
/* End XCBuildConfiguration section */

/* Begin XCConfigurationList section */
		352AD2F6210A314C00AEAC35 /* Build configuration list for PBXProject "CollectionViewPOC" */ = {
			isa = XCConfigurationList;
			buildConfigurations = (
				352AD30F210A315900AEAC35 /* Debug */,
				352AD310210A315900AEAC35 /* Release */,
			);
			defaultConfigurationIsVisible = 0;
			defaultConfigurationName = Release;
		};
		352AD311210A315900AEAC35 /* Build configuration list for PBXNativeTarget "CollectionViewPOC" */ = {
			isa = XCConfigurationList;
			buildConfigurations = (
				352AD312210A315900AEAC35 /* Debug */,
				352AD313210A315900AEAC35 /* Release */,
			);
			defaultConfigurationIsVisible = 0;
			defaultConfigurationName = Release;
		};
/* End XCConfigurationList section */
	};
	rootObject = 352AD2F3210A314C00AEAC35 /* Project object */;
}
