// !$*UTF8*$!
{
	archiveVersion = 1;
	classes = {
	};
	objectVersion = 46;
	objects = {

/* Begin PBXBuildFile section */
		355753AC1F6CD5DD00E0A731 /* CircularGradient.swift in Sources */ = {isa = PBXBuildFile; fileRef = 359805A31E0113F200F46F94 /* CircularGradient.swift */; };
		355753AD1F6CD5E300E0A731 /* coin07.mp3 in Resources */ = {isa = PBXBuildFile; fileRef = 359805A41E0113F200F46F94 /* coin07.mp3 */; };
		355753AE1F6CD5E700E0A731 /* Fanfare.swift in Sources */ = {isa = PBXBuildFile; fileRef = 359805A51E0113F200F46F94 /* Fanfare.swift */; };
		355753AF1F6CD60700E0A731 /* RingLayer.swift in Sources */ = {isa = PBXBuildFile; fileRef = 359805A61E0113F200F46F94 /* RingLayer.swift */; };
		355753B01F6CD60A00E0A731 /* ThreeRingControliPhone.h in Headers */ = {isa = PBXBuildFile; fileRef = 3563BF171F117CC700A642BD /* ThreeRingControliPhone.h */; };
		355753B11F6CD60E00E0A731 /* RingTip.swift in Sources */ = {isa = PBXBuildFile; fileRef = 359805A71E0113F200F46F94 /* RingTip.swift */; };
		355753B21F6CD61100E0A731 /* ThreeRingView.swift in Sources */ = {isa = PBXBuildFile; fileRef = 359805A81E0113F200F46F94 /* ThreeRingView.swift */; };
		355753B31F6CD61500E0A731 /* Utilities.swift in Sources */ = {isa = PBXBuildFile; fileRef = 359805A91E0113F200F46F94 /* Utilities.swift */; };
		355753B41F6CD61900E0A731 /* winning.mp3 in Resources */ = {isa = PBXBuildFile; fileRef = 359805AA1E0113F200F46F94 /* winning.mp3 */; };
		3563BEE61F1169B000A642BD /* main.m in Sources */ = {isa = PBXBuildFile; fileRef = 3563BEE51F1169B000A642BD /* main.m */; };
		3563BEE91F1169B000A642BD /* AppDelegate.m in Sources */ = {isa = PBXBuildFile; fileRef = 3563BEE81F1169B000A642BD /* AppDelegate.m */; };
		3563BEEC1F1169B000A642BD /* ViewController.m in Sources */ = {isa = PBXBuildFile; fileRef = 3563BEEB1F1169B000A642BD /* ViewController.m */; };
		3563BEEF1F1169B000A642BD /* Main.storyboard in Resources */ = {isa = PBXBuildFile; fileRef = 3563BEED1F1169B000A642BD /* Main.storyboard */; };
		3563BEF11F1169B000A642BD /* Assets.xcassets in Resources */ = {isa = PBXBuildFile; fileRef = 3563BEF01F1169B000A642BD /* Assets.xcassets */; };
		3563BEF41F1169B000A642BD /* LaunchScreen.storyboard in Resources */ = {isa = PBXBuildFile; fileRef = 3563BEF21F1169B000A642BD /* LaunchScreen.storyboard */; };
		359805931E01124C00F46F94 /* ThreeRingControl.framework in Frameworks */ = {isa = PBXBuildFile; fileRef = 359805891E01124B00F46F94 /* ThreeRingControl.framework */; };
		359805981E01124C00F46F94 /* ThreeRingControlTests.swift in Sources */ = {isa = PBXBuildFile; fileRef = 359805971E01124C00F46F94 /* ThreeRingControlTests.swift */; };
/* End PBXBuildFile section */

/* Begin PBXContainerItemProxy section */
		359805941E01124C00F46F94 /* PBXContainerItemProxy */ = {
			isa = PBXContainerItemProxy;
			containerPortal = 359805801E01124B00F46F94 /* Project object */;
			proxyType = 1;
			remoteGlobalIDString = 359805881E01124B00F46F94;
			remoteInfo = ThreeRingControl;
		};
/* End PBXContainerItemProxy section */

/* Begin PBXCopyFilesBuildPhase section */
		3563BF0A1F116A6B00A642BD /* Embed Frameworks */ = {
			isa = PBXCopyFilesBuildPhase;
			buildActionMask = 2147483647;
			dstPath = "";
			dstSubfolderSpec = 10;
			files = (
			);
			name = "Embed Frameworks";
			runOnlyForDeploymentPostprocessing = 0;
		};
/* End PBXCopyFilesBuildPhase section */

/* Begin PBXFileReference section */
		3563BEE21F1169B000A642BD /* ThreeRingControlHandset.app */ = {isa = PBXFileReference; explicitFileType = wrapper.application; includeInIndex = 0; path = ThreeRingControlHandset.app; sourceTree = BUILT_PRODUCTS_DIR; };
		3563BEE51F1169B000A642BD /* main.m */ = {isa = PBXFileReference; lastKnownFileType = sourcecode.c.objc; path = main.m; sourceTree = "<group>"; };
		3563BEE71F1169B000A642BD /* AppDelegate.h */ = {isa = PBXFileReference; lastKnownFileType = sourcecode.c.h; path = AppDelegate.h; sourceTree = "<group>"; };
		3563BEE81F1169B000A642BD /* AppDelegate.m */ = {isa = PBXFileReference; lastKnownFileType = sourcecode.c.objc; path = AppDelegate.m; sourceTree = "<group>"; };
		3563BEEA1F1169B000A642BD /* ViewController.h */ = {isa = PBXFileReference; lastKnownFileType = sourcecode.c.h; path = ViewController.h; sourceTree = "<group>"; };
		3563BEEB1F1169B000A642BD /* ViewController.m */ = {isa = PBXFileReference; lastKnownFileType = sourcecode.c.objc; path = ViewController.m; sourceTree = "<group>"; };
		3563BEEE1F1169B000A642BD /* Base */ = {isa = PBXFileReference; lastKnownFileType = file.storyboard; name = Base; path = Base.lproj/Main.storyboard; sourceTree = "<group>"; };
		3563BEF01F1169B000A642BD /* Assets.xcassets */ = {isa = PBXFileReference; lastKnownFileType = folder.assetcatalog; path = Assets.xcassets; sourceTree = "<group>"; };
		3563BEF31F1169B000A642BD /* Base */ = {isa = PBXFileReference; lastKnownFileType = file.storyboard; name = Base; path = Base.lproj/LaunchScreen.storyboard; sourceTree = "<group>"; };
		3563BEF51F1169B000A642BD /* Info.plist */ = {isa = PBXFileReference; lastKnownFileType = text.plist.xml; path = Info.plist; sourceTree = "<group>"; };
		3563BF161F1171D800A642BD /* ThreeRing-Bridgin-Header.h */ = {isa = PBXFileReference; lastKnownFileType = sourcecode.c.h; path = "ThreeRing-Bridgin-Header.h"; sourceTree = "<group>"; };
		3563BF171F117CC700A642BD /* ThreeRingControliPhone.h */ = {isa = PBXFileReference; lastKnownFileType = sourcecode.c.h; path = ThreeRingControliPhone.h; sourceTree = "<group>"; };
		359805891E01124B00F46F94 /* ThreeRingControl.framework */ = {isa = PBXFileReference; explicitFileType = wrapper.framework; includeInIndex = 0; path = ThreeRingControl.framework; sourceTree = BUILT_PRODUCTS_DIR; };
		3598058C1E01124B00F46F94 /* ThreeRingControl.h */ = {isa = PBXFileReference; lastKnownFileType = sourcecode.c.h; path = ThreeRingControl.h; sourceTree = "<group>"; };
		3598058D1E01124B00F46F94 /* Info.plist */ = {isa = PBXFileReference; lastKnownFileType = text.plist.xml; path = Info.plist; sourceTree = "<group>"; };
		359805921E01124C00F46F94 /* ThreeRingControlTests.xctest */ = {isa = PBXFileReference; explicitFileType = wrapper.cfbundle; includeInIndex = 0; path = ThreeRingControlTests.xctest; sourceTree = BUILT_PRODUCTS_DIR; };
		359805971E01124C00F46F94 /* ThreeRingControlTests.swift */ = {isa = PBXFileReference; lastKnownFileType = sourcecode.swift; path = ThreeRingControlTests.swift; sourceTree = "<group>"; };
		359805991E01124C00F46F94 /* Info.plist */ = {isa = PBXFileReference; lastKnownFileType = text.plist.xml; path = Info.plist; sourceTree = "<group>"; };
		359805A31E0113F200F46F94 /* CircularGradient.swift */ = {isa = PBXFileReference; fileEncoding = 4; lastKnownFileType = sourcecode.swift; name = CircularGradient.swift; path = ../ThreeRingControl/CircularGradient.swift; sourceTree = "<group>"; };
		359805A41E0113F200F46F94 /* coin07.mp3 */ = {isa = PBXFileReference; lastKnownFileType = audio.mp3; name = coin07.mp3; path = ../ThreeRingControl/coin07.mp3; sourceTree = "<group>"; };
		359805A51E0113F200F46F94 /* Fanfare.swift */ = {isa = PBXFileReference; fileEncoding = 4; lastKnownFileType = sourcecode.swift; name = Fanfare.swift; path = ../ThreeRingControl/Fanfare.swift; sourceTree = "<group>"; };
		359805A61E0113F200F46F94 /* RingLayer.swift */ = {isa = PBXFileReference; fileEncoding = 4; lastKnownFileType = sourcecode.swift; name = RingLayer.swift; path = ../ThreeRingControl/RingLayer.swift; sourceTree = "<group>"; };
		359805A71E0113F200F46F94 /* RingTip.swift */ = {isa = PBXFileReference; fileEncoding = 4; lastKnownFileType = sourcecode.swift; name = RingTip.swift; path = ../ThreeRingControl/RingTip.swift; sourceTree = "<group>"; };
		359805A81E0113F200F46F94 /* ThreeRingView.swift */ = {isa = PBXFileReference; fileEncoding = 4; lastKnownFileType = sourcecode.swift; name = ThreeRingView.swift; path = ../ThreeRingControl/ThreeRingView.swift; sourceTree = "<group>"; };
		359805A91E0113F200F46F94 /* Utilities.swift */ = {isa = PBXFileReference; fileEncoding = 4; lastKnownFileType = sourcecode.swift; name = Utilities.swift; path = ../ThreeRingControl/Utilities.swift; sourceTree = "<group>"; };
		359805AA1E0113F200F46F94 /* winning.mp3 */ = {isa = PBXFileReference; lastKnownFileType = audio.mp3; name = winning.mp3; path = ../ThreeRingControl/winning.mp3; sourceTree = "<group>"; };
/* End PBXFileReference section */

/* Begin PBXFrameworksBuildPhase section */
		3563BEDF1F1169B000A642BD /* Frameworks */ = {
			isa = PBXFrameworksBuildPhase;
			buildActionMask = 2147483647;
			files = (
			);
			runOnlyForDeploymentPostprocessing = 0;
		};
		359805851E01124B00F46F94 /* Frameworks */ = {
			isa = PBXFrameworksBuildPhase;
			buildActionMask = 2147483647;
			files = (
			);
			runOnlyForDeploymentPostprocessing = 0;
		};
		3598058F1E01124C00F46F94 /* Frameworks */ = {
			isa = PBXFrameworksBuildPhase;
			buildActionMask = 2147483647;
			files = (
				359805931E01124C00F46F94 /* ThreeRingControl.framework in Frameworks */,
			);
			runOnlyForDeploymentPostprocessing = 0;
		};
/* End PBXFrameworksBuildPhase section */

/* Begin PBXGroup section */
		3563BEE31F1169B000A642BD /* ThreeRingControlHandset */ = {
			isa = PBXGroup;
			children = (
				359805A31E0113F200F46F94 /* CircularGradient.swift */,
				359805A41E0113F200F46F94 /* coin07.mp3 */,
				359805A51E0113F200F46F94 /* Fanfare.swift */,
				359805A61E0113F200F46F94 /* RingLayer.swift */,
				3563BF171F117CC700A642BD /* ThreeRingControliPhone.h */,
				359805A71E0113F200F46F94 /* RingTip.swift */,
				359805A81E0113F200F46F94 /* ThreeRingView.swift */,
				359805A91E0113F200F46F94 /* Utilities.swift */,
				359805AA1E0113F200F46F94 /* winning.mp3 */,
				3563BF161F1171D800A642BD /* ThreeRing-Bridgin-Header.h */,
				3563BEE71F1169B000A642BD /* AppDelegate.h */,
				3563BEE81F1169B000A642BD /* AppDelegate.m */,
				3563BEEA1F1169B000A642BD /* ViewController.h */,
				3563BEEB1F1169B000A642BD /* ViewController.m */,
				3563BEED1F1169B000A642BD /* Main.storyboard */,
				3563BEF01F1169B000A642BD /* Assets.xcassets */,
				3563BEF21F1169B000A642BD /* LaunchScreen.storyboard */,
				3563BEF51F1169B000A642BD /* Info.plist */,
				3563BEE41F1169B000A642BD /* Supporting Files */,
			);
			path = ThreeRingControlHandset;
			sourceTree = "<group>";
		};
		3563BEE41F1169B000A642BD /* Supporting Files */ = {
			isa = PBXGroup;
			children = (
				3563BEE51F1169B000A642BD /* main.m */,
			);
			name = "Supporting Files";
			sourceTree = "<group>";
		};
		3598057F1E01124B00F46F94 = {
			isa = PBXGroup;
			children = (
				3598058B1E01124B00F46F94 /* ThreeRingControl */,
				359805961E01124C00F46F94 /* ThreeRingControlTests */,
				3563BEE31F1169B000A642BD /* ThreeRingControlHandset */,
				3598058A1E01124B00F46F94 /* Products */,
			);
			sourceTree = "<group>";
		};
		3598058A1E01124B00F46F94 /* Products */ = {
			isa = PBXGroup;
			children = (
				359805891E01124B00F46F94 /* ThreeRingControl.framework */,
				359805921E01124C00F46F94 /* ThreeRingControlTests.xctest */,
				3563BEE21F1169B000A642BD /* ThreeRingControlHandset.app */,
			);
			name = Products;
			sourceTree = "<group>";
		};
		3598058B1E01124B00F46F94 /* ThreeRingControl */ = {
			isa = PBXGroup;
			children = (
				3598058D1E01124B00F46F94 /* Info.plist */,
				3598058C1E01124B00F46F94 /* ThreeRingControl.h */,
			);
			path = ThreeRingControl;
			sourceTree = "<group>";
		};
		359805961E01124C00F46F94 /* ThreeRingControlTests */ = {
			isa = PBXGroup;
			children = (
				359805971E01124C00F46F94 /* ThreeRingControlTests.swift */,
				359805991E01124C00F46F94 /* Info.plist */,
			);
			path = ThreeRingControlTests;
			sourceTree = "<group>";
		};
/* End PBXGroup section */

/* Begin PBXHeadersBuildPhase section */
		359805861E01124B00F46F94 /* Headers */ = {
			isa = PBXHeadersBuildPhase;
			buildActionMask = 2147483647;
			files = (
				355753B01F6CD60A00E0A731 /* ThreeRingControliPhone.h in Headers */,
			);
			runOnlyForDeploymentPostprocessing = 0;
		};
/* End PBXHeadersBuildPhase section */

/* Begin PBXNativeTarget section */
		3563BEE11F1169B000A642BD /* ThreeRingControlHandset */ = {
			isa = PBXNativeTarget;
			buildConfigurationList = 3563BEF61F1169B000A642BD /* Build configuration list for PBXNativeTarget "ThreeRingControlHandset" */;
			buildPhases = (
				3563BEDE1F1169B000A642BD /* Sources */,
				3563BEDF1F1169B000A642BD /* Frameworks */,
				3563BEE01F1169B000A642BD /* Resources */,
				3563BF0A1F116A6B00A642BD /* Embed Frameworks */,
			);
			buildRules = (
			);
			dependencies = (
			);
			name = ThreeRingControlHandset;
			productName = ThreeRingControlHandset;
			productReference = 3563BEE21F1169B000A642BD /* ThreeRingControlHandset.app */;
			productType = "com.apple.product-type.application";
		};
		359805881E01124B00F46F94 /* ThreeRingControl */ = {
			isa = PBXNativeTarget;
			buildConfigurationList = 3598059D1E01124C00F46F94 /* Build configuration list for PBXNativeTarget "ThreeRingControl" */;
			buildPhases = (
				359805841E01124B00F46F94 /* Sources */,
				359805851E01124B00F46F94 /* Frameworks */,
				359805861E01124B00F46F94 /* Headers */,
				359805871E01124B00F46F94 /* Resources */,
			);
			buildRules = (
			);
			dependencies = (
			);
			name = ThreeRingControl;
			productName = ThreeRingControl;
			productReference = 359805891E01124B00F46F94 /* ThreeRingControl.framework */;
			productType = "com.apple.product-type.framework";
		};
		359805911E01124C00F46F94 /* ThreeRingControlTests */ = {
			isa = PBXNativeTarget;
			buildConfigurationList = 359805A01E01124C00F46F94 /* Build configuration list for PBXNativeTarget "ThreeRingControlTests" */;
			buildPhases = (
				3598058E1E01124C00F46F94 /* Sources */,
				3598058F1E01124C00F46F94 /* Frameworks */,
				359805901E01124C00F46F94 /* Resources */,
			);
			buildRules = (
			);
			dependencies = (
				359805951E01124C00F46F94 /* PBXTargetDependency */,
			);
			name = ThreeRingControlTests;
			productName = ThreeRingControlTests;
			productReference = 359805921E01124C00F46F94 /* ThreeRingControlTests.xctest */;
			productType = "com.apple.product-type.bundle.unit-test";
		};
/* End PBXNativeTarget section */

/* Begin PBXProject section */
		359805801E01124B00F46F94 /* Project object */ = {
			isa = PBXProject;
			attributes = {
				LastSwiftUpdateCheck = 0810;
				LastUpgradeCheck = 0830;
				ORGANIZATIONNAME = ProgrammingC;
				TargetAttributes = {
					3563BEE11F1169B000A642BD = {
						CreatedOnToolsVersion = 8.3.3;
						DevelopmentTeam = QQ7A795Y74;
						ProvisioningStyle = Automatic;
					};
					359805881E01124B00F46F94 = {
						CreatedOnToolsVersion = 8.1;
						DevelopmentTeam = QQ7A795Y74;
						LastSwiftMigration = 0830;
						ProvisioningStyle = Automatic;
					};
					359805911E01124C00F46F94 = {
						CreatedOnToolsVersion = 8.1;
						DevelopmentTeam = QQ7A795Y74;
						ProvisioningStyle = Automatic;
					};
				};
			};
			buildConfigurationList = 359805831E01124B00F46F94 /* Build configuration list for PBXProject "ThreeRingControl" */;
			compatibilityVersion = "Xcode 3.2";
			developmentRegion = English;
			hasScannedForEncodings = 0;
			knownRegions = (
				en,
				Base,
			);
			mainGroup = 3598057F1E01124B00F46F94;
			productRefGroup = 3598058A1E01124B00F46F94 /* Products */;
			projectDirPath = "";
			projectRoot = "";
			targets = (
				359805881E01124B00F46F94 /* ThreeRingControl */,
				359805911E01124C00F46F94 /* ThreeRingControlTests */,
				3563BEE11F1169B000A642BD /* ThreeRingControlHandset */,
			);
		};
/* End PBXProject section */

/* Begin PBXResourcesBuildPhase section */
		3563BEE01F1169B000A642BD /* Resources */ = {
			isa = PBXResourcesBuildPhase;
			buildActionMask = 2147483647;
			files = (
				3563BEF41F1169B000A642BD /* LaunchScreen.storyboard in Resources */,
				3563BEF11F1169B000A642BD /* Assets.xcassets in Resources */,
				3563BEEF1F1169B000A642BD /* Main.storyboard in Resources */,
			);
			runOnlyForDeploymentPostprocessing = 0;
		};
		359805871E01124B00F46F94 /* Resources */ = {
			isa = PBXResourcesBuildPhase;
			buildActionMask = 2147483647;
			files = (
				355753AD1F6CD5E300E0A731 /* coin07.mp3 in Resources */,
				355753B41F6CD61900E0A731 /* winning.mp3 in Resources */,
			);
			runOnlyForDeploymentPostprocessing = 0;
		};
		359805901E01124C00F46F94 /* Resources */ = {
			isa = PBXResourcesBuildPhase;
			buildActionMask = 2147483647;
			files = (
			);
			runOnlyForDeploymentPostprocessing = 0;
		};
/* End PBXResourcesBuildPhase section */

/* Begin PBXSourcesBuildPhase section */
		3563BEDE1F1169B000A642BD /* Sources */ = {
			isa = PBXSourcesBuildPhase;
			buildActionMask = 2147483647;
			files = (
				3563BEEC1F1169B000A642BD /* ViewController.m in Sources */,
				3563BEE91F1169B000A642BD /* AppDelegate.m in Sources */,
				3563BEE61F1169B000A642BD /* main.m in Sources */,
			);
			runOnlyForDeploymentPostprocessing = 0;
		};
		359805841E01124B00F46F94 /* Sources */ = {
			isa = PBXSourcesBuildPhase;
			buildActionMask = 2147483647;
			files = (
				355753B31F6CD61500E0A731 /* Utilities.swift in Sources */,
				355753AC1F6CD5DD00E0A731 /* CircularGradient.swift in Sources */,
				355753B11F6CD60E00E0A731 /* RingTip.swift in Sources */,
				355753B21F6CD61100E0A731 /* ThreeRingView.swift in Sources */,
				355753AF1F6CD60700E0A731 /* RingLayer.swift in Sources */,
				355753AE1F6CD5E700E0A731 /* Fanfare.swift in Sources */,
			);
			runOnlyForDeploymentPostprocessing = 0;
		};
		3598058E1E01124C00F46F94 /* Sources */ = {
			isa = PBXSourcesBuildPhase;
			buildActionMask = 2147483647;
			files = (
				359805981E01124C00F46F94 /* ThreeRingControlTests.swift in Sources */,
			);
			runOnlyForDeploymentPostprocessing = 0;
		};
/* End PBXSourcesBuildPhase section */

/* Begin PBXTargetDependency section */
		359805951E01124C00F46F94 /* PBXTargetDependency */ = {
			isa = PBXTargetDependency;
			target = 359805881E01124B00F46F94 /* ThreeRingControl */;
			targetProxy = 359805941E01124C00F46F94 /* PBXContainerItemProxy */;
		};
/* End PBXTargetDependency section */

/* Begin PBXVariantGroup section */
		3563BEED1F1169B000A642BD /* Main.storyboard */ = {
			isa = PBXVariantGroup;
			children = (
				3563BEEE1F1169B000A642BD /* Base */,
			);
			name = Main.storyboard;
			sourceTree = "<group>";
		};
		3563BEF21F1169B000A642BD /* LaunchScreen.storyboard */ = {
			isa = PBXVariantGroup;
			children = (
				3563BEF31F1169B000A642BD /* Base */,
			);
			name = LaunchScreen.storyboard;
			sourceTree = "<group>";
		};
/* End PBXVariantGroup section */

/* Begin XCBuildConfiguration section */
		3563BEF71F1169B000A642BD /* Debug */ = {
			isa = XCBuildConfiguration;
			buildSettings = {
				ALWAYS_EMBED_SWIFT_STANDARD_LIBRARIES = YES;
				ASSETCATALOG_COMPILER_APPICON_NAME = AppIcon;
				CLANG_ANALYZER_NUMBER_OBJECT_CONVERSION = YES_AGGRESSIVE;
				CLANG_WARN_SUSPICIOUS_MOVE = YES;
				DEVELOPMENT_TEAM = QQ7A795Y74;
				INFOPLIST_FILE = ThreeRingControlHandset/Info.plist;
				IPHONEOS_DEPLOYMENT_TARGET = 10.3;
				LD_RUNPATH_SEARCH_PATHS = "$(inherited) @executable_path/Frameworks";
				PRODUCT_BUNDLE_IDENTIFIER = com.qingchuanzhu.ThreeRingControlHandset;
				PRODUCT_NAME = "$(TARGET_NAME)";
			};
			name = Debug;
		};
		3563BEF81F1169B000A642BD /* Release */ = {
			isa = XCBuildConfiguration;
			buildSettings = {
				ALWAYS_EMBED_SWIFT_STANDARD_LIBRARIES = YES;
				ASSETCATALOG_COMPILER_APPICON_NAME = AppIcon;
				CLANG_ANALYZER_NUMBER_OBJECT_CONVERSION = YES_AGGRESSIVE;
				CLANG_WARN_SUSPICIOUS_MOVE = YES;
				DEVELOPMENT_TEAM = QQ7A795Y74;
				INFOPLIST_FILE = ThreeRingControlHandset/Info.plist;
				IPHONEOS_DEPLOYMENT_TARGET = 10.3;
				LD_RUNPATH_SEARCH_PATHS = "$(inherited) @executable_path/Frameworks";
				PRODUCT_BUNDLE_IDENTIFIER = com.qingchuanzhu.ThreeRingControlHandset;
				PRODUCT_NAME = "$(TARGET_NAME)";
			};
			name = Release;
		};
		3598059B1E01124C00F46F94 /* Debug */ = {
			isa = XCBuildConfiguration;
			buildSettings = {
				ALWAYS_SEARCH_USER_PATHS = NO;
				CLANG_ANALYZER_NONNULL = YES;
				CLANG_CXX_LANGUAGE_STANDARD = "gnu++0x";
				CLANG_CXX_LIBRARY = "libc++";
				CLANG_ENABLE_MODULES = YES;
				CLANG_ENABLE_OBJC_ARC = YES;
				CLANG_WARN_BOOL_CONVERSION = YES;
				CLANG_WARN_CONSTANT_CONVERSION = YES;
				CLANG_WARN_DIRECT_OBJC_ISA_USAGE = YES_ERROR;
				CLANG_WARN_DOCUMENTATION_COMMENTS = YES;
				CLANG_WARN_EMPTY_BODY = YES;
				CLANG_WARN_ENUM_CONVERSION = YES;
				CLANG_WARN_INFINITE_RECURSION = YES;
				CLANG_WARN_INT_CONVERSION = YES;
				CLANG_WARN_OBJC_ROOT_CLASS = YES_ERROR;
				CLANG_WARN_SUSPICIOUS_MOVE = YES;
				CLANG_WARN_SUSPICIOUS_MOVES = YES;
				CLANG_WARN_UNREACHABLE_CODE = YES;
				CLANG_WARN__DUPLICATE_METHOD_MATCH = YES;
				"CODE_SIGN_IDENTITY[sdk=iphoneos*]" = "iPhone Developer";
				COPY_PHASE_STRIP = NO;
				CURRENT_PROJECT_VERSION = 1;
				DEBUG_INFORMATION_FORMAT = dwarf;
				ENABLE_STRICT_OBJC_MSGSEND = YES;
				ENABLE_TESTABILITY = YES;
				GCC_C_LANGUAGE_STANDARD = gnu99;
				GCC_DYNAMIC_NO_PIC = NO;
				GCC_NO_COMMON_BLOCKS = YES;
				GCC_OPTIMIZATION_LEVEL = 0;
				GCC_PREPROCESSOR_DEFINITIONS = (
					"DEBUG=1",
					"$(inherited)",
				);
				GCC_WARN_64_TO_32_BIT_CONVERSION = YES;
				GCC_WARN_ABOUT_RETURN_TYPE = YES_ERROR;
				GCC_WARN_UNDECLARED_SELECTOR = YES;
				GCC_WARN_UNINITIALIZED_AUTOS = YES_AGGRESSIVE;
				GCC_WARN_UNUSED_FUNCTION = YES;
				GCC_WARN_UNUSED_VARIABLE = YES;
				IPHONEOS_DEPLOYMENT_TARGET = 10.1;
				MTL_ENABLE_DEBUG_INFO = YES;
				ONLY_ACTIVE_ARCH = YES;
				SDKROOT = iphoneos;
				SWIFT_ACTIVE_COMPILATION_CONDITIONS = DEBUG;
				SWIFT_OPTIMIZATION_LEVEL = "-Onone";
				TARGETED_DEVICE_FAMILY = "1,2";
				VERSIONING_SYSTEM = "apple-generic";
				VERSION_INFO_PREFIX = "";
			};
			name = Debug;
		};
		3598059C1E01124C00F46F94 /* Release */ = {
			isa = XCBuildConfiguration;
			buildSettings = {
				ALWAYS_SEARCH_USER_PATHS = NO;
				CLANG_ANALYZER_NONNULL = YES;
				CLANG_CXX_LANGUAGE_STANDARD = "gnu++0x";
				CLANG_CXX_LIBRARY = "libc++";
				CLANG_ENABLE_MODULES = YES;
				CLANG_ENABLE_OBJC_ARC = YES;
				CLANG_WARN_BOOL_CONVERSION = YES;
				CLANG_WARN_CONSTANT_CONVERSION = YES;
				CLANG_WARN_DIRECT_OBJC_ISA_USAGE = YES_ERROR;
				CLANG_WARN_DOCUMENTATION_COMMENTS = YES;
				CLANG_WARN_EMPTY_BODY = YES;
				CLANG_WARN_ENUM_CONVERSION = YES;
				CLANG_WARN_INFINITE_RECURSION = YES;
				CLANG_WARN_INT_CONVERSION = YES;
				CLANG_WARN_OBJC_ROOT_CLASS = YES_ERROR;
				CLANG_WARN_SUSPICIOUS_MOVE = YES;
				CLANG_WARN_SUSPICIOUS_MOVES = YES;
				CLANG_WARN_UNREACHABLE_CODE = YES;
				CLANG_WARN__DUPLICATE_METHOD_MATCH = YES;
				"CODE_SIGN_IDENTITY[sdk=iphoneos*]" = "iPhone Developer";
				COPY_PHASE_STRIP = NO;
				CURRENT_PROJECT_VERSION = 1;
				DEBUG_INFORMATION_FORMAT = "dwarf-with-dsym";
				ENABLE_NS_ASSERTIONS = NO;
				ENABLE_STRICT_OBJC_MSGSEND = YES;
				GCC_C_LANGUAGE_STANDARD = gnu99;
				GCC_NO_COMMON_BLOCKS = YES;
				GCC_WARN_64_TO_32_BIT_CONVERSION = YES;
				GCC_WARN_ABOUT_RETURN_TYPE = YES_ERROR;
				GCC_WARN_UNDECLARED_SELECTOR = YES;
				GCC_WARN_UNINITIALIZED_AUTOS = YES_AGGRESSIVE;
				GCC_WARN_UNUSED_FUNCTION = YES;
				GCC_WARN_UNUSED_VARIABLE = YES;
				IPHONEOS_DEPLOYMENT_TARGET = 10.1;
				MTL_ENABLE_DEBUG_INFO = NO;
				SDKROOT = iphoneos;
				SWIFT_OPTIMIZATION_LEVEL = "-Owholemodule";
				TARGETED_DEVICE_FAMILY = "1,2";
				VALIDATE_PRODUCT = YES;
				VERSIONING_SYSTEM = "apple-generic";
				VERSION_INFO_PREFIX = "";
			};
			name = Release;
		};
		3598059E1E01124C00F46F94 /* Debug */ = {
			isa = XCBuildConfiguration;
			buildSettings = {
				CLANG_ENABLE_MODULES = YES;
				CODE_SIGN_IDENTITY = "";
				DEFINES_MODULE = YES;
				DEVELOPMENT_TEAM = QQ7A795Y74;
				DYLIB_COMPATIBILITY_VERSION = 1;
				DYLIB_CURRENT_VERSION = 1;
				DYLIB_INSTALL_NAME_BASE = "@rpath";
				INFOPLIST_FILE = ThreeRingControl/Info.plist;
				INSTALL_PATH = "$(LOCAL_LIBRARY_DIR)/Frameworks";
				IPHONEOS_DEPLOYMENT_TARGET = 10.0;
				LD_RUNPATH_SEARCH_PATHS = "$(inherited) @executable_path/Frameworks @loader_path/Frameworks";
				PRODUCT_BUNDLE_IDENTIFIER = com.qingchuanzhu.ThreeRingControl;
				PRODUCT_NAME = "$(TARGET_NAME)";
				SKIP_INSTALL = YES;
				SWIFT_OBJC_BRIDGING_HEADER = "";
				SWIFT_OPTIMIZATION_LEVEL = "-Onone";
				SWIFT_VERSION = 3.0;
			};
			name = Debug;
		};
		3598059F1E01124C00F46F94 /* Release */ = {
			isa = XCBuildConfiguration;
			buildSettings = {
				CLANG_ENABLE_MODULES = YES;
				CODE_SIGN_IDENTITY = "";
				DEFINES_MODULE = YES;
				DEVELOPMENT_TEAM = QQ7A795Y74;
				DYLIB_COMPATIBILITY_VERSION = 1;
				DYLIB_CURRENT_VERSION = 1;
				DYLIB_INSTALL_NAME_BASE = "@rpath";
				INFOPLIST_FILE = ThreeRingControl/Info.plist;
				INSTALL_PATH = "$(LOCAL_LIBRARY_DIR)/Frameworks";
				IPHONEOS_DEPLOYMENT_TARGET = 10.0;
				LD_RUNPATH_SEARCH_PATHS = "$(inherited) @executable_path/Frameworks @loader_path/Frameworks";
				PRODUCT_BUNDLE_IDENTIFIER = com.qingchuanzhu.ThreeRingControl;
				PRODUCT_NAME = "$(TARGET_NAME)";
				SKIP_INSTALL = YES;
				SWIFT_OBJC_BRIDGING_HEADER = "";
				SWIFT_VERSION = 3.0;
			};
			name = Release;
		};
		359805A11E01124C00F46F94 /* Debug */ = {
			isa = XCBuildConfiguration;
			buildSettings = {
				ALWAYS_EMBED_SWIFT_STANDARD_LIBRARIES = YES;
				DEVELOPMENT_TEAM = QQ7A795Y74;
				INFOPLIST_FILE = ThreeRingControlTests/Info.plist;
				LD_RUNPATH_SEARCH_PATHS = "$(inherited) @executable_path/Frameworks @loader_path/Frameworks";
				PRODUCT_BUNDLE_IDENTIFIER = com.qingchuanzhu.ThreeRingControlTests;
				PRODUCT_NAME = "$(TARGET_NAME)";
				SWIFT_VERSION = 3.0;
			};
			name = Debug;
		};
		359805A21E01124C00F46F94 /* Release */ = {
			isa = XCBuildConfiguration;
			buildSettings = {
				ALWAYS_EMBED_SWIFT_STANDARD_LIBRARIES = YES;
				DEVELOPMENT_TEAM = QQ7A795Y74;
				INFOPLIST_FILE = ThreeRingControlTests/Info.plist;
				LD_RUNPATH_SEARCH_PATHS = "$(inherited) @executable_path/Frameworks @loader_path/Frameworks";
				PRODUCT_BUNDLE_IDENTIFIER = com.qingchuanzhu.ThreeRingControlTests;
				PRODUCT_NAME = "$(TARGET_NAME)";
				SWIFT_VERSION = 3.0;
			};
			name = Release;
		};
/* End XCBuildConfiguration section */

/* Begin XCConfigurationList section */
		3563BEF61F1169B000A642BD /* Build configuration list for PBXNativeTarget "ThreeRingControlHandset" */ = {
			isa = XCConfigurationList;
			buildConfigurations = (
				3563BEF71F1169B000A642BD /* Debug */,
				3563BEF81F1169B000A642BD /* Release */,
			);
			defaultConfigurationIsVisible = 0;
			defaultConfigurationName = Release;
		};
		359805831E01124B00F46F94 /* Build configuration list for PBXProject "ThreeRingControl" */ = {
			isa = XCConfigurationList;
			buildConfigurations = (
				3598059B1E01124C00F46F94 /* Debug */,
				3598059C1E01124C00F46F94 /* Release */,
			);
			defaultConfigurationIsVisible = 0;
			defaultConfigurationName = Release;
		};
		3598059D1E01124C00F46F94 /* Build configuration list for PBXNativeTarget "ThreeRingControl" */ = {
			isa = XCConfigurationList;
			buildConfigurations = (
				3598059E1E01124C00F46F94 /* Debug */,
				3598059F1E01124C00F46F94 /* Release */,
			);
			defaultConfigurationIsVisible = 0;
			defaultConfigurationName = Release;
		};
		359805A01E01124C00F46F94 /* Build configuration list for PBXNativeTarget "ThreeRingControlTests" */ = {
			isa = XCConfigurationList;
			buildConfigurations = (
				359805A11E01124C00F46F94 /* Debug */,
				359805A21E01124C00F46F94 /* Release */,
			);
			defaultConfigurationIsVisible = 0;
			defaultConfigurationName = Release;
		};
/* End XCConfigurationList section */
	};
	rootObject = 359805801E01124B00F46F94 /* Project object */;
}
